
Microsoft Visual Studio Solution File, Format Version 12.00
# Visual Studio Version 17
VisualStudioVersion = 17.5.33530.505
MinimumVisualStudioVersion = 10.0.40219.1
Project("{FAE04EC0-301F-11D3-BF4B-00C04F79EFBC}") = "Another HangMan", "Another HangMan\Another HangMan.csproj", "{C5A65FD2-DE7F-40C4-AE20-A6762465FAB8}"
EndProject
Global
	GlobalSection(SolutionConfigurationPlatforms) = preSolution
		Debug|Any CPU = Debug|Any CPU
		Release|Any CPU = Release|Any CPU
	EndGlobalSection
	GlobalSection(ProjectConfigurationPlatforms) = postSolution
		{C5A65FD2-DE7F-40C4-AE20-A6762465FAB8}.Debug|Any CPU.ActiveCfg = Debug|Any CPU
		{C5A65FD2-DE7F-40C4-AE20-A6762465FAB8}.Debug|Any CPU.Build.0 = Debug|Any CPU
		{C5A65FD2-DE7F-40C4-AE20-A6762465FAB8}.Release|Any CPU.ActiveCfg = Release|Any CPU
		{C5A65FD2-DE7F-40C4-AE20-A6762465FAB8}.Release|Any CPU.Build.0 = Release|Any CPU
	EndGlobalSection
	GlobalSection(SolutionProperties) = preSolution
		HideSolutionNode = FALSE
	EndGlobalSection
	GlobalSection(ExtensibilityGlobals) = postSolution
		SolutionGuid = {1E0F560F-23E7-47D2-A5B1-21735FDE4FE1}
	EndGlobalSection
EndGlobal
